
Microsoft Visual Studio Solution File, Format Version 12.00
# Visual Studio Version 17
VisualStudioVersion = 17.13.35931.197 d17.13
MinimumVisualStudioVersion = 10.0.40219.1
Project("{FAE04EC0-301F-11D3-BF4B-00C04F79EFBC}") = "MauiAppMinhasCompras", "MauiAppMinhasCompras\MauiAppMinhasCompras.csproj", "{1BCF24F5-9F21-4FF1-943C-22405B58E277}"
EndProject
Global
	GlobalSection(SolutionConfigurationPlatforms) = preSolution
		Debug|Any CPU = Debug|Any CPU
		Release|Any CPU = Release|Any CPU
	EndGlobalSection
	GlobalSection(ProjectConfigurationPlatforms) = postSolution
		{1BCF24F5-9F21-4FF1-943C-22405B58E277}.Debug|Any CPU.ActiveCfg = Debug|Any CPU
		{1BCF24F5-9F21-4FF1-943C-22405B58E277}.Debug|Any CPU.Build.0 = Debug|Any CPU
		{1BCF24F5-9F21-4FF1-943C-22405B58E277}.Debug|Any CPU.Deploy.0 = Debug|Any CPU
		{1BCF24F5-9F21-4FF1-943C-22405B58E277}.Release|Any CPU.ActiveCfg = Release|Any CPU
		{1BCF24F5-9F21-4FF1-943C-22405B58E277}.Release|Any CPU.Build.0 = Release|Any CPU
		{1BCF24F5-9F21-4FF1-943C-22405B58E277}.Release|Any CPU.Deploy.0 = Release|Any CPU
	EndGlobalSection
	GlobalSection(SolutionProperties) = preSolution
		HideSolutionNode = FALSE
	EndGlobalSection
	GlobalSection(ExtensibilityGlobals) = postSolution
		SolutionGuid = {255DF77B-0E9A-425D-8464-F5AEEE8D69CD}
	EndGlobalSection
EndGlobal
